
Microsoft Visual Studio Solution File, Format Version 12.00
# Visual Studio Version 16
VisualStudioVersion = 16.0.30611.23
MinimumVisualStudioVersion = 10.0.40219.1
Project("{8BC9CEB8-8B4A-11D0-8D11-00A0C91BC942}") = "oscar", "oscar.vcxproj", "{52562DD6-E123-4E65-88BF-C00C0F36A593}"
EndProject
Global
	GlobalSection(SolutionConfigurationPlatforms) = preSolution
		Debug|x64 = Debug|x64
		Debug|x86 = Debug|x86
		Release|x64 = Release|x64
		Release|x86 = Release|x86
	EndGlobalSection
	GlobalSection(ProjectConfigurationPlatforms) = postSolution
		{52562DD6-E123-4E65-88BF-C00C0F36A593}.Debug|x64.ActiveCfg = Debug|x64
		{52562DD6-E123-4E65-88BF-C00C0F36A593}.Debug|x64.Build.0 = Debug|x64
		{52562DD6-E123-4E65-88BF-C00C0F36A593}.Debug|x86.ActiveCfg = Debug|Win32
		{52562DD6-E123-4E65-88BF-C00C0F36A593}.Debug|x86.Build.0 = Debug|Win32
		{52562DD6-E123-4E65-88BF-C00C0F36A593}.Release|x64.ActiveCfg = Release|x64
		{52562DD6-E123-4E65-88BF-C00C0F36A593}.Release|x64.Build.0 = Release|x64
		{52562DD6-E123-4E65-88BF-C00C0F36A593}.Release|x86.ActiveCfg = Release|Win32
		{52562DD6-E123-4E65-88BF-C00C0F36A593}.Release|x86.Build.0 = Release|Win32
	EndGlobalSection
	GlobalSection(SolutionProperties) = preSolution
		HideSolutionNode = FALSE
	EndGlobalSection
	GlobalSection(ExtensibilityGlobals) = postSolution
		SolutionGuid = {EE2856FD-99A1-4220-A26D-E631CCAF4F57}
	EndGlobalSection
EndGlobal
